
Microsoft Visual Studio Solution File, Format Version 12.00
# Visual Studio 15
Project("{FAE04EC0-301F-11D3-BF4B-00C04F79EFBC}") = "ImageLoader", "ImageLoader\ImageLoader.csproj", "{411FB7E4-7536-4E31-A941-CE875AF999C5}"
EndProject
Global
	GlobalSection(SolutionConfigurationPlatforms) = preSolution
		Debug|iPhoneSimulator = Debug|iPhoneSimulator
		Release|iPhone = Release|iPhone
		Release|iPhoneSimulator = Release|iPhoneSimulator
		Debug|iPhone = Debug|iPhone
	EndGlobalSection
	GlobalSection(ProjectConfigurationPlatforms) = postSolution
		{411FB7E4-7536-4E31-A941-CE875AF999C5}.Debug|iPhoneSimulator.ActiveCfg = Debug|iPhoneSimulator
		{411FB7E4-7536-4E31-A941-CE875AF999C5}.Debug|iPhoneSimulator.Build.0 = Debug|iPhoneSimulator
		{411FB7E4-7536-4E31-A941-CE875AF999C5}.Release|iPhone.ActiveCfg = Release|iPhone
		{411FB7E4-7536-4E31-A941-CE875AF999C5}.Release|iPhone.Build.0 = Release|iPhone
		{411FB7E4-7536-4E31-A941-CE875AF999C5}.Release|iPhoneSimulator.ActiveCfg = Release|iPhoneSimulator
		{411FB7E4-7536-4E31-A941-CE875AF999C5}.Release|iPhoneSimulator.Build.0 = Release|iPhoneSimulator
		{411FB7E4-7536-4E31-A941-CE875AF999C5}.Debug|iPhone.ActiveCfg = Debug|iPhone
		{411FB7E4-7536-4E31-A941-CE875AF999C5}.Debug|iPhone.Build.0 = Debug|iPhone
	EndGlobalSection
EndGlobal
